<?xml version="1.0" encoding="utf-8"?>
<Project ToolsVersion="4.0" xmlns="http://schemas.microsoft.com/developer/msbuild/2003">
  <ItemGroup>
    <Filter Include="Source Files">
      <UniqueIdentifier>{4FC737F1-C7A5-4376-A066-2A32D752A2FF}</UniqueIdentifier>
      <Extensions>cpp;c;cc;cxx;def;odl;idl;hpj;bat;asm;asmx</Extensions>
    </Filter>
    <Filter Include="Header Files">
      <UniqueIdentifier>{93995380-89BD-4b04-88EB-625FBE52EBFB}</UniqueIdentifier>
      <Extensions>h;hh;hpp;hxx;hm;inl;inc;xsd</Extensions>
    </Filter>
    <Filter Include="Resource Files">
      <UniqueIdentifier>{67DA6AB6-F800-4c08-8B7A-83BB121AAD01}</UniqueIdentifier>
      <Extensions>rc;ico;cur;bmp;dlg;rc2;rct;bin;rgs;gif;jpg;jpeg;jpe;resx;tiff;tif;png;wav;mfcribbon-ms</Extensions>
    </Filter>
    <Filter Include="Source Files\deps">
      <UniqueIdentifier>{cbdfd196-e220-4046-8a7f-cbb54f4ebec3}</UniqueIdentifier>
    </Filter>
    <Filter Include="Source Files\deps\imgui">
      <UniqueIdentifier>{b649c2dd-e8f6-4440-bab5-51ff86ace733}</UniqueIdentifier>
    </Filter>
    <Filter Include="Source Files\hooks">
      <UniqueIdentifier>{085aff63-5896-4f63-b7ea-eee1388d9ed5}</UniqueIdentifier>
    </Filter>
    <Filter Include="Header Files\hacks">
      <UniqueIdentifier>{51faec4e-1f8c-4395-8a99-211b22cd303e}</UniqueIdentifier>
    </Filter>
    <Filter Include="Source Files\hacks">
      <UniqueIdentifier>{8e7d7ca1-fff7-4dc3-b0a6-547f5d4b3eb8}</UniqueIdentifier>
    </Filter>
    <Filter Include="Source Files\tools">
      <UniqueIdentifier>{1c98f162-8479-4644-a643-108bf7b1cfbd}</UniqueIdentifier>
    </Filter>
    <Filter Include="Header Files\tools">
      <UniqueIdentifier>{5d21decd-3ae6-4c10-b94f-66800c997c8f}</UniqueIdentifier>
    </Filter>
    <Filter Include="Header Files\hooks">
      <UniqueIdentifier>{59be98dc-a9ba-446e-b10f-4d6ecf93ed7d}</UniqueIdentifier>
    </Filter>
    <Filter Include="sdk">
      <UniqueIdentifier>{717a64e0-1d48-4fd0-9118-12d8f5080d7a}</UniqueIdentifier>
    </Filter>
  </ItemGroup>
  <ItemGroup>
    <ClCompile Include="SDK\Vector.cpp">
      <Filter>sdk</Filter>
    </ClCompile>
    <ClCompile Include="SDK\CRC.cpp">
      <Filter>sdk</Filter>
    </ClCompile>
    <ClCompile Include="SDK\UtlBuffer.cpp">
      <Filter>sdk</Filter>
    </ClCompile>
    <ClCompile Include="SDK\characterset.cpp">
      <Filter>sdk</Filter>
    </ClCompile>
    <ClCompile Include="SDK\Vector2D.cpp">
      <Filter>sdk</Filter>
    </ClCompile>
    <ClCompile Include="SDK\UtlString.cpp">
      <Filter>sdk</Filter>
    </ClCompile>
    <ClCompile Include="SDK\Convar.cpp">
      <Filter>sdk</Filter>
    </ClCompile>
    <ClCompile Include="SDK\VMatrix.cpp">
      <Filter>sdk</Filter>
    </ClCompile>
    <ClCompile Include="..\deps\imgui\examples\directx9_example\imgui_impl_dx9.cpp">
      <Filter>Source Files\deps\imgui</Filter>
    </ClCompile>
    <ClCompile Include="..\deps\imgui\imgui.cpp">
      <Filter>Source Files\deps\imgui</Filter>
    </ClCompile>
    <ClCompile Include="..\deps\imgui\imgui_demo.cpp">
      <Filter>Source Files\deps\imgui</Filter>
    </ClCompile>
    <ClCompile Include="..\deps\imgui\imgui_draw.cpp">
      <Filter>Source Files\deps\imgui</Filter>
    </ClCompile>
    <ClCompile Include="hacks\aimbot.cpp">
      <Filter>Source Files\hacks</Filter>
    </ClCompile>
    <ClCompile Include="hacks\misc.cpp">
      <Filter>Source Files\hacks</Filter>
    </ClCompile>
    <ClCompile Include="hacks\visuals.cpp">
      <Filter>Source Files\hacks</Filter>
    </ClCompile>
    <ClCompile Include="tools\config.cpp">
      <Filter>Source Files\tools</Filter>
    </ClCompile>
    <ClCompile Include="tools\draw_manager.cpp">
      <Filter>Source Files\tools</Filter>
    </ClCompile>
    <ClCompile Include="tools\entity.cpp">
      <Filter>Source Files\tools</Filter>
    </ClCompile>
    <ClCompile Include="tools\math.cpp">
      <Filter>Source Files\tools</Filter>
    </ClCompile>
    <ClCompile Include="tools\netvar_manager.cpp">
      <Filter>Source Files\tools</Filter>
    </ClCompile>
    <ClCompile Include="tools\tools.cpp">
      <Filter>Source Files\tools</Filter>
    </ClCompile>
    <ClCompile Include="dllmain.cpp">
      <Filter>Source Files</Filter>
    </ClCompile>
    <ClCompile Include="interfaces.cpp">
      <Filter>Source Files</Filter>
    </ClCompile>
    <ClCompile Include="menu.cpp">
      <Filter>Source Files</Filter>
    </ClCompile>
    <ClCompile Include="hooks\CreateMove.cpp">
      <Filter>Source Files\hooks</Filter>
    </ClCompile>
    <ClCompile Include="hooks\EndScene.cpp">
      <Filter>Source Files\hooks</Filter>
    </ClCompile>
    <ClCompile Include="hooks\hooks.cpp">
      <Filter>Source Files\hooks</Filter>
    </ClCompile>
    <ClCompile Include="hooks\Reset.cpp">
      <Filter>Source Files\hooks</Filter>
    </ClCompile>
    <ClCompile Include="hooks\WndProc.cpp">
      <Filter>Source Files\hooks</Filter>
    </ClCompile>
    <ClCompile Include="hooks\WriteUsercmdDeltaToBuffer.cpp">
      <Filter>Source Files\hooks</Filter>
    </ClCompile>
    <ClCompile Include="hooks\FrameStageNotify.cpp">
      <Filter>Source Files\hooks</Filter>
    </ClCompile>
    <ClCompile Include="sdk\checksum_md5.cpp">
      <Filter>sdk</Filter>
    </ClCompile>
    <ClCompile Include="hooks\GetUserCmd.cpp">
      <Filter>Source Files\hooks</Filter>
    </ClCompile>
    <ClCompile Include="tools\game.cpp">
      <Filter>Source Files\tools</Filter>
    </ClCompile>
  </ItemGroup>
  <ItemGroup>
    <ClInclude Include="SDK\Color.h">
      <Filter>sdk</Filter>
    </ClInclude>
    <ClInclude Include="SDK\IBaseClientDll.h">
      <Filter>sdk</Filter>
    </ClInclude>
    <ClInclude Include="SDK\CInput.h">
      <Filter>sdk</Filter>
    </ClInclude>
    <ClInclude Include="SDK\Vector.h">
      <Filter>sdk</Filter>
    </ClInclude>
    <ClInclude Include="SDK\CRC.h">
      <Filter>sdk</Filter>
    </ClInclude>
    <ClInclude Include="SDK\IClientEntityList.h">
      <Filter>sdk</Filter>
    </ClInclude>
    <ClInclude Include="SDK\IClientEntity.h">
      <Filter>sdk</Filter>
    </ClInclude>
    <ClInclude Include="SDK\CBaseEntity.h">
      <Filter>sdk</Filter>
    </ClInclude>
    <ClInclude Include="SDK\IVEngineClient.h">
      <Filter>sdk</Filter>
    </ClInclude>
    <ClInclude Include="SDK\player_info.h">
      <Filter>sdk</Filter>
    </ClInclude>
    <ClInclude Include="SDK\IVModelInfo.h">
      <Filter>sdk</Filter>
    </ClInclude>
    <ClInclude Include="SDK\studio.h">
      <Filter>sdk</Filter>
    </ClInclude>
    <ClInclude Include="SDK\CBaseClientState.h">
      <Filter>sdk</Filter>
    </ClInclude>
    <ClInclude Include="SDK\IAppSystem.h">
      <Filter>sdk</Filter>
    </ClInclude>
    <ClInclude Include="SDK\ICVar.h">
      <Filter>sdk</Filter>
    </ClInclude>
    <ClInclude Include="SDK\UtlBuffer.h">
      <Filter>sdk</Filter>
    </ClInclude>
    <ClInclude Include="SDK\Vector2D.h">
      <Filter>sdk</Filter>
    </ClInclude>
    <ClInclude Include="SDK\characterset.h">
      <Filter>sdk</Filter>
    </ClInclude>
    <ClInclude Include="SDK\UtlMemory.h">
      <Filter>sdk</Filter>
    </ClInclude>
    <ClInclude Include="SDK\UtlString.h">
      <Filter>sdk</Filter>
    </ClInclude>
    <ClInclude Include="SDK\UtlVector.h">
      <Filter>sdk</Filter>
    </ClInclude>
    <ClInclude Include="SDK\IEngineTrace.h">
      <Filter>sdk</Filter>
    </ClInclude>
    <ClInclude Include="SDK\bspflags.h">
      <Filter>sdk</Filter>
    </ClInclude>
    <ClInclude Include="SDK\Convar.h">
      <Filter>sdk</Filter>
    </ClInclude>
    <ClInclude Include="SDK\IConVar.h">
      <Filter>sdk</Filter>
    </ClInclude>
    <ClInclude Include="SDK\VMatrix.h">
      <Filter>sdk</Filter>
    </ClInclude>
    <ClInclude Include="SDK\definitions.h">
      <Filter>sdk</Filter>
    </ClInclude>
    <ClInclude Include="tools\config.h">
      <Filter>Header Files\tools</Filter>
    </ClInclude>
    <ClInclude Include="tools\draw_manager.h">
      <Filter>Header Files\tools</Filter>
    </ClInclude>
    <ClInclude Include="tools\entity.h">
      <Filter>Header Files\tools</Filter>
    </ClInclude>
    <ClInclude Include="tools\fnv_hash.h">
      <Filter>Header Files\tools</Filter>
    </ClInclude>
    <ClInclude Include="tools\math.h">
      <Filter>Header Files\tools</Filter>
    </ClInclude>
    <ClInclude Include="tools\netvar_manager.h">
      <Filter>Header Files\tools</Filter>
    </ClInclude>
    <ClInclude Include="tools\tools.h">
      <Filter>Header Files\tools</Filter>
    </ClInclude>
    <ClInclude Include="tools\virtuals.h">
      <Filter>Header Files\tools</Filter>
    </ClInclude>
    <ClInclude Include="tools\vmt_hook.h">
      <Filter>Header Files\tools</Filter>
    </ClInclude>
    <ClInclude Include="hacks\aimbot.h">
      <Filter>Header Files\hacks</Filter>
    </ClInclude>
    <ClInclude Include="hacks\misc.h">
      <Filter>Header Files\hacks</Filter>
    </ClInclude>
    <ClInclude Include="hacks\visuals.h">
      <Filter>Header Files\hacks</Filter>
    </ClInclude>
    <ClInclude Include="interfaces.h">
      <Filter>Header Files</Filter>
    </ClInclude>
    <ClInclude Include="menu.h">
      <Filter>Header Files</Filter>
    </ClInclude>
    <ClInclude Include="hooks\hooks.h">
      <Filter>Header Files\hooks</Filter>
    </ClInclude>
    <ClInclude Include="SDK\sdk.h">
      <Filter>sdk</Filter>
    </ClInclude>
    <ClInclude Include="sdk\IVDebugOverlay.h">
      <Filter>sdk</Filter>
    </ClInclude>
    <ClInclude Include="sdk\CGlobalVars.h">
      <Filter>sdk</Filter>
    </ClInclude>
    <ClInclude Include="sdk\checksum_md5.h">
      <Filter>sdk</Filter>
    </ClInclude>
    <ClInclude Include="tools\game.h">
      <Filter>Header Files\tools</Filter>
    </ClInclude>
    <ClInclude Include="SDK\IGameMovement.h">
      <Filter>sdk</Filter>
    </ClInclude>
    <ClInclude Include="SDK\imovehelper.h">
      <Filter>sdk</Filter>
    </ClInclude>
    <ClInclude Include="SDK\iprediction.h">
      <Filter>sdk</Filter>
    </ClInclude>
  </ItemGroup>
</Project>